# THIS IS AN AUTOGENERATED FILE. DO NOT EDIT THIS FILE DIRECTLY.
# yarn lockfile v1


"@babel/helper-annotate-as-pure@^7.0.0":
  version "7.0.0"
  resolved "https://registry.yarnpkg.com/@babel/helper-annotate-as-pure/-/helper-annotate-as-pure-7.0.0.tgz#323d39dd0b50e10c7c06ca7d7638e6864d8c5c32"
  integrity sha512-3UYcJUj9kvSLbLbUIfQTqzcy5VX7GRZ/CCDrnOaZorFFM01aXp1+GJwuFGV4NDDoAS+mOUyHcO6UD/RfqOks3Q==
  dependencies:
    "@babel/types" "^7.0.0"

"@babel/helper-module-imports@^7.0.0":
  version "7.0.0"
  resolved "https://registry.yarnpkg.com/@babel/helper-module-imports/-/helper-module-imports-7.0.0.tgz#96081b7111e486da4d2cd971ad1a4fe216cc2e3d"
  integrity sha512-aP/hlLq01DWNEiDg4Jn23i+CXxW/owM4WpDLFUbpjxe4NS3BhLVZQ5i7E0ZrxuQ/vwekIeciyamgB1UIYxxM6A==
  dependencies:
    "@babel/types" "^7.0.0"

"@babel/runtime@^7.1.2":
  version "7.3.4"
  resolved "https://registry.yarnpkg.com/@babel/runtime/-/runtime-7.3.4.tgz#73d12ba819e365fcf7fd152aed56d6df97d21c83"
  integrity sha512-IvfvnMdSaLBateu0jfsYIpZTxAc2cKEXEMiezGGN75QcBcecDUKd3PgLAncT0oOgxKy8dd8hrJKj9MfzgfZd6g==
  dependencies:
    regenerator-runtime "^0.12.0"

"@babel/types@^7.0.0":
  version "7.3.4"
  resolved "https://registry.yarnpkg.com/@babel/types/-/types-7.3.4.tgz#bf482eaeaffb367a28abbf9357a94963235d90ed"
  integrity sha512-WEkp8MsLftM7O/ty580wAmZzN1nDmCACc5+jFzUt+GUFNNIi3LdRlueYz0YIlmJhlZx1QYDMZL5vdWCL0fNjFQ==
  dependencies:
    esutils "^2.0.2"
    lodash "^4.17.11"
    to-fast-properties "^2.0.0"

"@emotion/is-prop-valid@^0.7.3":
  version "0.7.3"
  resolved "https://registry.yarnpkg.com/@emotion/is-prop-valid/-/is-prop-valid-0.7.3.tgz#a6bf4fa5387cbba59d44e698a4680f481a8da6cc"
  integrity sha512-uxJqm/sqwXw3YPA5GXX365OBcJGFtxUVkB6WyezqFHlNe9jqUWH5ur2O2M8dGBz61kn1g3ZBlzUunFQXQIClhA==
  dependencies:
    "@emotion/memoize" "0.7.1"

"@emotion/memoize@0.7.1":
  version "0.7.1"
  resolved "https://registry.yarnpkg.com/@emotion/memoize/-/memoize-0.7.1.tgz#e93c13942592cf5ef01aa8297444dc192beee52f"
  integrity sha512-Qv4LTqO11jepd5Qmlp3M1YEjBumoTHcHFdgPTQ+sFlIL5myi/7xu/POwP7IRu6odBdmLXdtIs1D6TuW6kbwbbg==

"@emotion/unitless@^0.7.0":
  version "0.7.3"
  resolved "https://registry.yarnpkg.com/@emotion/unitless/-/unitless-0.7.3.tgz#6310a047f12d21a1036fb031317219892440416f"
  integrity sha512-4zAPlpDEh2VwXswwr/t8xGNDGg8RQiPxtxZ3qQEXyQsBV39ptTdESCjuBvGze1nLMVrxmTIKmnO/nAV8Tqjjzg==

"@perry/apply-console-proxy@file:../apply-console-proxy":
  version "0.1.0"
  dependencies:
    "@perry/features" "file:../../../../AppData/Local/Yarn/Cache/v4/npm-@perry-apply-console-proxy-0.1.0-8abe73b1-bbb9-4a30-ab49-caa641055362-1552915072357/node_modules/@perry/features"
    "@perry/write-to-store" "file:../../../../AppData/Local/Yarn/Cache/v4/npm-@perry-apply-console-proxy-0.1.0-8abe73b1-bbb9-4a30-ab49-caa641055362-1552915072357/node_modules/@perry/write-to-store"

"@perry/feature-toggle-store@file:../feature-toggle-store":
  version "0.1.0"

"@perry/features@file:../features":
  version "0.1.0"

"@perry/get-label-for-widget-state@file:../get-label-for-widget-state":
  version "0.1.0"

"@perry/listen-document-clicks@file:../listen-document-clicks":
  version "0.1.0"
  dependencies:
    "@perry/map-mouse-event-to-perry-event" "file:../../../../AppData/Local/Yarn/Cache/v4/npm-@perry-listen-document-clicks-0.1.0-cc9010b2-e0b0-4e9b-a955-b894e7c0f2cb-1552915072356/node_modules/@perry/map-mouse-event-to-perry-event"

"@perry/listen-window-errors@file:../listen-window-errors":
  version "0.1.0"

"@perry/map-html-element-to-element-data@file:../map-html-element-to-element-data":
  version "0.1.0"

"@perry/map-mouse-event-to-perry-event@file:../map-mouse-event-to-perry-event":
  version "0.1.0"
  dependencies:
    "@perry/map-html-element-to-element-data" "file:../../../../AppData/Local/Yarn/Cache/v4/npm-@perry-map-mouse-event-to-perry-event-0.1.0-a7175ec2-77be-4ac6-a380-988ad3dac47a-1552915072362/node_modules/@perry/map-html-element-to-element-data"
    "@perry/perry-interfaces" "file:../../../../AppData/Local/Yarn/Cache/v4/npm-@perry-map-mouse-event-to-perry-event-0.1.0-a7175ec2-77be-4ac6-a380-988ad3dac47a-1552915072362/node_modules/@perry/perry-interfaces"

"@perry/perry-components@file:../perry-components":
  version "0.1.0"
  dependencies:
    "@perry/get-label-for-widget-state" "file:../../../../AppData/Local/Yarn/Cache/v4/npm-@perry-perry-components-0.1.0-1ea9926d-8594-4174-9c6f-25199c5d2262-1552915072285/node_modules/@perry/get-label-for-widget-state"
    "@perry/perry-interfaces" "file:../../../../AppData/Local/Yarn/Cache/v4/npm-@perry-perry-components-0.1.0-1ea9926d-8594-4174-9c6f-25199c5d2262-1552915072285/node_modules/@perry/perry-interfaces"
    grid-styled "^5.0.2"
    preact "^8.4.2"
    preact-compat "^3.18.4"
    preact-habitat "^3.2.2"
    rebass "^3.0.1"
    styled-components "^4.1.3"

"@perry/perry-interfaces@file:../perry-interfaces":
  version "0.1.0"

"@perry/perry-notifiy@file:../perry-notify":
  version "0.1.0"
  dependencies:
    "@perry/write-to-store" "file:../../../../AppData/Local/Yarn/Cache/v4/npm-@perry-perry-notifiy-0.1.0-d616265f-eb25-4213-9321-f0ec61808f86-1552915072373/node_modules/@perry/write-to-store"

"@perry/render-widget@file:../render-widget":
  version "0.1.0"
  dependencies:
    "@perry/perry-components" "file:../../../../AppData/Local/Yarn/Cache/v4/npm-@perry-render-widget-0.1.0-aded0d18-88fe-42bd-8085-0e9a8298cdaa-1552915072270/node_modules/@perry/perry-components"
    "@perry/perry-interfaces" "file:../../../../AppData/Local/Yarn/Cache/v4/npm-@perry-render-widget-0.1.0-aded0d18-88fe-42bd-8085-0e9a8298cdaa-1552915072270/node_modules/@perry/perry-interfaces"
    preact "^8.4.2"
    preact-habitat "^3.2.2"

"@perry/setup-listeners@file:../setup-listeners":
  version "0.1.0"
  dependencies:
    "@perry/apply-console-proxy" "file:../../../../AppData/Local/Yarn/Cache/v4/npm-@perry-setup-listeners-0.1.0-e2989541-df2a-4c19-b485-d62bd4bc7894-1552915072347/node_modules/@perry/apply-console-proxy"
    "@perry/listen-document-clicks" "file:../../../../AppData/Local/Yarn/Cache/v4/npm-@perry-setup-listeners-0.1.0-e2989541-df2a-4c19-b485-d62bd4bc7894-1552915072347/node_modules/@perry/listen-document-clicks"
    "@perry/listen-window-errors" "file:../../../../AppData/Local/Yarn/Cache/v4/npm-@perry-setup-listeners-0.1.0-e2989541-df2a-4c19-b485-d62bd4bc7894-1552915072347/node_modules/@perry/listen-window-errors"
    "@perry/perry-interfaces" "file:../../../../AppData/Local/Yarn/Cache/v4/npm-@perry-setup-listeners-0.1.0-e2989541-df2a-4c19-b485-d62bd4bc7894-1552915072347/node_modules/@perry/perry-interfaces"

"@perry/start-listeners@file:../start-listeners":
  version "0.1.0"
  dependencies:
    "@perry/feature-toggle-store" "file:../../../../AppData/Local/Yarn/Cache/v4/npm-@perry-start-listeners-0.1.0-b8e2d3e4-f151-4a2c-8c40-654732d40dbf-1552915072366/node_modules/@perry/feature-toggle-store"
    "@perry/features" "file:../../../../AppData/Local/Yarn/Cache/v4/npm-@perry-start-listeners-0.1.0-b8e2d3e4-f151-4a2c-8c40-654732d40dbf-1552915072366/node_modules/@perry/features"

"@perry/write-to-store@file:../write-to-store":
  version "0.1.0"
  dependencies:
    "@perry/perry-interfaces" "file:../../../../AppData/Local/Yarn/Cache/v4/npm-@perry-write-to-store-0.1.0-4e9ada19-6441-4310-9be4-5d2c44a584bd-1552915072361/node_modules/@perry/perry-interfaces"

"babel-plugin-styled-components@>= 1":
  version "1.10.0"
  resolved "https://registry.yarnpkg.com/babel-plugin-styled-components/-/babel-plugin-styled-components-1.10.0.tgz#ff1f42ad2cc78c21f26b62266b8f564dbc862939"
  integrity sha512-sQVKG8irFXx14ZfaK1bBePirfkacl3j8nZwSZK+ZjsbnadRHKQTbhXbe/RB1vT6Vgkz45E+V95LBq4KqdhZUNw==
  dependencies:
    "@babel/helper-annotate-as-pure" "^7.0.0"
    "@babel/helper-module-imports" "^7.0.0"
    babel-plugin-syntax-jsx "^6.18.0"
    lodash "^4.17.10"

babel-plugin-syntax-jsx@^6.18.0:
  version "6.18.0"
  resolved "https://registry.yarnpkg.com/babel-plugin-syntax-jsx/-/babel-plugin-syntax-jsx-6.18.0.tgz#0af32a9a6e13ca7a3fd5069e62d7b0f58d0d8946"
  integrity sha1-CvMqmm4Tyno/1QaeYtew9Y0NiUY=

camelize@^1.0.0:
  version "1.0.0"
  resolved "https://registry.yarnpkg.com/camelize/-/camelize-1.0.0.tgz#164a5483e630fa4321e5af07020e531831b2609b"
  integrity sha1-FkpUg+Yw+kMh5a8HAg5TGDGyYJs=

css-color-keywords@^1.0.0:
  version "1.0.0"
  resolved "https://registry.yarnpkg.com/css-color-keywords/-/css-color-keywords-1.0.0.tgz#fea2616dc676b2962686b3af8dbdbe180b244e05"
  integrity sha1-/qJhbcZ2spYmhrOvjb2+GAskTgU=

css-to-react-native@^2.2.2:
  version "2.3.0"
  resolved "https://registry.yarnpkg.com/css-to-react-native/-/css-to-react-native-2.3.0.tgz#bf80d24ec4a08e430306ef429c0586e6ed5485f7"
  integrity sha512-IhR7bNIrCFwbJbKZOAjNDZdwpsbjTN6f1agXeELHDqg1wHPA8c2QLruttKOW7hgMGetkfraRJCIEMrptifBfVw==
  dependencies:
    camelize "^1.0.0"
    css-color-keywords "^1.0.0"
    postcss-value-parser "^3.3.0"

esutils@^2.0.2:
  version "2.0.2"
  resolved "https://registry.yarnpkg.com/esutils/-/esutils-2.0.2.tgz#0abf4f1caa5bcb1f7a9d8acc6dea4faaa04bac9b"
  integrity sha1-Cr9PHKpbyx96nYrMbepPqqBLrJs=

grid-styled@^5.0.2:
  version "5.0.2"
  resolved "https://registry.yarnpkg.com/grid-styled/-/grid-styled-5.0.2.tgz#1e81d7d5bde50a9b43d81cf111b81399126fe595"
  integrity sha512-kM3kewM77sBifQLZUZD9meoMSXOZE9ArxxM9XZ6qtwb4B2ylHYHH9Ylkt96hDMHA32J+LoEeYoHAvn6+j4fn9Q==
  dependencies:
    system-components "^3.0.0"

has-flag@^3.0.0:
  version "3.0.0"
  resolved "https://registry.yarnpkg.com/has-flag/-/has-flag-3.0.0.tgz#b5d454dc2199ae225699f3467e5a07f3b955bafd"
  integrity sha1-tdRU3CGZriJWmfNGfloH87lVuv0=

immutability-helper@^2.7.1:
  version "2.9.1"
  resolved "https://registry.yarnpkg.com/immutability-helper/-/immutability-helper-2.9.1.tgz#71c423ba387e67b6c6ceba0650572f2a2a6727df"
  integrity sha512-r/RmRG8xO06s/k+PIaif2r5rGc3j4Yhc01jSBfwPCXDLYZwp/yxralI37Df1mwmuzcCsen/E/ITKcTEvc1PQmQ==
  dependencies:
    invariant "^2.2.0"

invariant@^2.2.0:
  version "2.2.4"
  resolved "https://registry.yarnpkg.com/invariant/-/invariant-2.2.4.tgz#610f3c92c9359ce1db616e538008d23ff35158e6"
  integrity sha512-phJfQVBuaJM5raOpJjSfkiD6BpbCE4Ns//LaXl6wGYtUBY83nWS6Rf9tXm2e8VaK60JEjYldbPif/A2B1C2gNA==
  dependencies:
    loose-envify "^1.0.0"

"js-tokens@^3.0.0 || ^4.0.0":
  version "4.0.0"
  resolved "https://registry.yarnpkg.com/js-tokens/-/js-tokens-4.0.0.tgz#19203fb59991df98e3a287050d4647cdeaf32499"
  integrity sha512-RdJUflcE3cUzKiMqQgsCu06FPu9UdIJO0beYbPhHN4k6apgJtifcoCtT9bcxOpYBtpD2kCM6Sbzg4CausW/PKQ==

lodash@^4.17.10, lodash@^4.17.11:
  version "4.17.11"
  resolved "https://registry.yarnpkg.com/lodash/-/lodash-4.17.11.tgz#b39ea6229ef607ecd89e2c8df12536891cac9b8d"
  integrity sha512-cQKh8igo5QUhZ7lg38DYWAxMvjSAKG0A8wGSVimP07SIUEK2UO+arSRKbRZWtelMtN5V0Hkwh5ryOto/SshYIg==

loose-envify@^1.0.0, loose-envify@^1.4.0:
  version "1.4.0"
  resolved "https://registry.yarnpkg.com/loose-envify/-/loose-envify-1.4.0.tgz#71ee51fa7be4caec1a63839f7e682d8132d30caf"
  integrity sha512-lyuxPGr/Wfhrlem2CL/UcnUc1zcqKAImBDzukY7Y5F/yQiNdko6+fRLevlw1HgMySw7f611UIY408EtxRSoK3Q==
  dependencies:
    js-tokens "^3.0.0 || ^4.0.0"

memoize-one@^4.0.0:
  version "4.1.0"
  resolved "https://registry.yarnpkg.com/memoize-one/-/memoize-one-4.1.0.tgz#a2387c58c03fff27ca390c31b764a79addf3f906"
  integrity sha512-2GApq0yI/b22J2j9rhbrAlsHb0Qcz+7yWxeLG8h+95sl1XPUgeLimQSOdur4Vw7cUhrBHwaUZxWFZueojqNRzA==

object-assign@^4.1.1:
  version "4.1.1"
  resolved "https://registry.yarnpkg.com/object-assign/-/object-assign-4.1.1.tgz#2109adc7965887cfc05cbbd442cac8bfbb360863"
  integrity sha1-IQmtx5ZYh8/AXLvUQsrIv7s2CGM=

postcss-value-parser@^3.3.0:
  version "3.3.1"
  resolved "https://registry.yarnpkg.com/postcss-value-parser/-/postcss-value-parser-3.3.1.tgz#9ff822547e2893213cf1c30efa51ac5fd1ba8281"
  integrity sha512-pISE66AbVkp4fDQ7VHBwRNXzAAKJjw4Vw7nWI/+Q3vuly7SNfgYXvm6i5IgFylHGK5sP/xHAbB7N49OS4gWNyQ==

preact-compat@^3.18.4:
  version "3.18.4"
  resolved "https://registry.yarnpkg.com/preact-compat/-/preact-compat-3.18.4.tgz#fbe76ddd30356c68e3ccde608107104946f2cf8d"
  integrity sha512-aR5CvCIDerE2Y201ERVkWQdTAQKhKGNYujEk4tbyfQDInFTrnCCa3KCeGtULZrwy0PNRBjdQa2/Za7qv7ALNFg==
  dependencies:
    immutability-helper "^2.7.1"
    preact-render-to-string "^3.8.2"
    preact-transition-group "^1.1.1"
    prop-types "^15.6.2"
    standalone-react-addons-pure-render-mixin "^0.1.1"

preact-habitat@^3.2.2:
  version "3.2.2"
  resolved "https://registry.yarnpkg.com/preact-habitat/-/preact-habitat-3.2.2.tgz#f3f3dc2dd0b708ac79eddfb883708f49f6cad0d3"
  integrity sha512-rNtLeumhsmMjVHHrn667f5M0N/NbN53N4FIJJfs1ej9qx5BmJ+Ad0oqNviDKVD8Y9qNTkK5NvNxY9DVSMnwdhQ==
  dependencies:
    simulant "^0.2.2"

preact-render-to-string@^3.8.2:
  version "3.8.2"
  resolved "https://registry.yarnpkg.com/preact-render-to-string/-/preact-render-to-string-3.8.2.tgz#bd72964d705a57da3a9e72098acaa073dd3ceff9"
  integrity sha512-przuZPajiurStGgxMoJP0EJeC4xj5CgHv+M7GfF3YxAdhGgEWAkhOSE0xympAFN20uMayntBZpttIZqqLl77fw==
  dependencies:
    pretty-format "^3.5.1"

preact-transition-group@^1.1.1:
  version "1.1.1"
  resolved "https://registry.yarnpkg.com/preact-transition-group/-/preact-transition-group-1.1.1.tgz#f0a49327ea515ece34ea2be864c4a7d29e5d6e10"
  integrity sha1-8KSTJ+pRXs406ivoZMSn0p5dbhA=

preact@^8.4.2:
  version "8.4.2"
  resolved "https://registry.yarnpkg.com/preact/-/preact-8.4.2.tgz#1263b974a17d1ea80b66590e41ef786ced5d6a23"
  integrity sha512-TsINETWiisfB6RTk0wh3/mvxbGRvx+ljeBccZ4Z6MPFKgu/KFGyf2Bmw3Z/jlXhL5JlNKY6QAbA9PVyzIy9//A==

pretty-format@^3.5.1:
  version "3.8.0"
  resolved "https://registry.yarnpkg.com/pretty-format/-/pretty-format-3.8.0.tgz#bfbed56d5e9a776645f4b1ff7aa1a3ac4fa3c385"
  integrity sha1-v77VbV6ad2ZF9LH/eqGjrE+jw4U=

prop-types@^15.5.4, prop-types@^15.6.2:
  version "15.7.2"
  resolved "https://registry.yarnpkg.com/prop-types/-/prop-types-15.7.2.tgz#52c41e75b8c87e72b9d9360e0206b99dcbffa6c5"
  integrity sha512-8QQikdH7//R2vurIJSutZ1smHYTcLpRWEOlHnzcWHmBYrOGUysKwSsrC89BCiFj3CbrfJ/nXFdJepOVrY1GCHQ==
  dependencies:
    loose-envify "^1.4.0"
    object-assign "^4.1.1"
    react-is "^16.8.1"

react-is@^16.6.0, react-is@^16.8.1:
  version "16.8.4"
  resolved "https://registry.yarnpkg.com/react-is/-/react-is-16.8.4.tgz#90f336a68c3a29a096a3d648ab80e87ec61482a2"
  integrity sha512-PVadd+WaUDOAciICm/J1waJaSvgq+4rHE/K70j0PFqKhkTBsPv/82UGQJNXAngz1fOQLLxI6z1sEDmJDQhCTAA==

rebass@^3.0.1:
  version "3.0.1"
  resolved "https://registry.yarnpkg.com/rebass/-/rebass-3.0.1.tgz#140230f4e4eceaf7adb682bcf380ceb0fff82d2f"
  integrity sha512-IiETPunFNc3zoZoHpDsCS2Gk+OvTF6tDOSBeZzDSk9d2RMg/5DeRaXgnXnaYm+4XY1tcj7iV3psURqWpIcSdtg==
  dependencies:
    styled-system "^3.2.1"

regenerator-runtime@^0.12.0:
  version "0.12.1"
  resolved "https://registry.yarnpkg.com/regenerator-runtime/-/regenerator-runtime-0.12.1.tgz#fa1a71544764c036f8c49b13a08b2594c9f8a0de"
  integrity sha512-odxIc1/vDlo4iZcfXqRYFj0vpXFNoGdKMAUieAlFYO6m/nl5e9KR/beGf41z4a1FI+aQgtjhuaSlDxQ0hmkrHg==

simulant@^0.2.2:
  version "0.2.2"
  resolved "https://registry.yarnpkg.com/simulant/-/simulant-0.2.2.tgz#f1bce52712b6a7a0da38ddfdda7e83b20b1da01e"
  integrity sha1-8bzlJxK2p6DaON392n6DsgsdoB4=

standalone-react-addons-pure-render-mixin@^0.1.1:
  version "0.1.1"
  resolved "https://registry.yarnpkg.com/standalone-react-addons-pure-render-mixin/-/standalone-react-addons-pure-render-mixin-0.1.1.tgz#3c7409f4c79c40de9ac72c616cf679a994f37551"
  integrity sha1-PHQJ9MecQN6axyxhbPZ5qZTzdVE=

styled-components@^4.1.3:
  version "4.1.3"
  resolved "https://registry.yarnpkg.com/styled-components/-/styled-components-4.1.3.tgz#4472447208e618b57e84deaaeb6acd34a5e0fe9b"
  integrity sha512-0quV4KnSfvq5iMtT0RzpMGl/Dg3XIxIxOl9eJpiqiq4SrAmR1l1DLzNpMzoy3DyzdXVDMJS2HzROnXscWA3SEw==
  dependencies:
    "@babel/helper-module-imports" "^7.0.0"
    "@emotion/is-prop-valid" "^0.7.3"
    "@emotion/unitless" "^0.7.0"
    babel-plugin-styled-components ">= 1"
    css-to-react-native "^2.2.2"
    memoize-one "^4.0.0"
    prop-types "^15.5.4"
    react-is "^16.6.0"
    stylis "^3.5.0"
    stylis-rule-sheet "^0.0.10"
    supports-color "^5.5.0"

styled-system@^3.2.1:
  version "3.2.1"
  resolved "https://registry.yarnpkg.com/styled-system/-/styled-system-3.2.1.tgz#491e1e6f88d7ee021f6f49376f12852cde8007cb"
  integrity sha512-ag0Yp7UeVHHc3t+1uM3jvlljaZYzwqpbJ8hMrFvpaKfUd8xsB9JeQXLwMpEsz8iLx8Lz/+9j0coWFZjmw8MogQ==
  dependencies:
    "@babel/runtime" "^7.1.2"
    prop-types "^15.6.2"

stylis-rule-sheet@^0.0.10:
  version "0.0.10"
  resolved "https://registry.yarnpkg.com/stylis-rule-sheet/-/stylis-rule-sheet-0.0.10.tgz#44e64a2b076643f4b52e5ff71efc04d8c3c4a430"
  integrity sha512-nTbZoaqoBnmK+ptANthb10ZRZOGC+EmTLLUxeYIuHNkEKcmKgXX1XWKkUBT2Ac4es3NybooPe0SmvKdhKJZAuw==

stylis@^3.5.0:
  version "3.5.4"
  resolved "https://registry.yarnpkg.com/stylis/-/stylis-3.5.4.tgz#f665f25f5e299cf3d64654ab949a57c768b73fbe"
  integrity sha512-8/3pSmthWM7lsPBKv7NXkzn2Uc9W7NotcwGNpJaa3k7WMM1XDCA4MgT5k/8BIexd5ydZdboXtU90XH9Ec4Bv/Q==

supports-color@^5.5.0:
  version "5.5.0"
  resolved "https://registry.yarnpkg.com/supports-color/-/supports-color-5.5.0.tgz#e2e69a44ac8772f78a1ec0b35b689df6530efc8f"
  integrity sha512-QjVjwdXIt408MIiAqCX4oUKsgU2EqAGzs2Ppkm4aQYbjm+ZEWEcW4SfFNTr4uMNZma0ey4f5lgLrkB0aX0QMow==
  dependencies:
    has-flag "^3.0.0"

system-components@^3.0.0:
  version "3.0.3"
  resolved "https://registry.yarnpkg.com/system-components/-/system-components-3.0.3.tgz#068449867de23b5365d88f9fb21a9460039a25bf"
  integrity sha512-AqxDTwE+nizKW5aiNz4CdvMK9SDY681p2JIQM10jppCF/j6OWFc5fRvloWZyD7k+BSmDHH/sDsdCO6+f3s7FtQ==
  dependencies:
    styled-system "^3.2.1"

to-fast-properties@^2.0.0:
  version "2.0.0"
  resolved "https://registry.yarnpkg.com/to-fast-properties/-/to-fast-properties-2.0.0.tgz#dc5e698cbd079265bc73e0377681a4e4e83f616e"
  integrity sha1-3F5pjL0HkmW8c+A3doGk5Og/YW4=

typescript@^3.3.3333:
  version "3.3.3333"
  resolved "https://registry.yarnpkg.com/typescript/-/typescript-3.3.3333.tgz#171b2c5af66c59e9431199117a3bcadc66fdcfd6"
  integrity sha512-JjSKsAfuHBE/fB2oZ8NxtRTk5iGcg6hkYXMnZ3Wc+b2RSqejEqTaem11mHASMnFilHrax3sLK0GDzcJrekZYLw==
