# THIS IS AN AUTOGENERATED FILE. DO NOT EDIT THIS FILE DIRECTLY.
# yarn lockfile v1


"@perry/compat@file:../compat":
  version "0.1.0"
  dependencies:
    "@perry/types" "file:../../../../../Library/Caches/Yarn/v6/npm-@perry-compat-0.1.0-5b7a4e8b-2b58-4fef-9535-8d173aedc7f7-1624485465105/node_modules/@perry/types"

"@perry/perry-interfaces@file:../perry-interfaces":
  version "0.1.0"
  dependencies:
    "@perry/compat" "file:../../../../../Library/Caches/Yarn/v6/npm-@perry-perry-interfaces-0.1.0-f742fc21-3772-4419-8d56-a0b76a7987f1-1624485465107/node_modules/@perry/compat"
    "@perry/types" "file:../../../../../Library/Caches/Yarn/v6/npm-@perry-perry-interfaces-0.1.0-f742fc21-3772-4419-8d56-a0b76a7987f1-1624485465107/node_modules/@perry/types"

"@perry/types@file:../types":
  version "0.1.0"

"@types/dom-mediacapture-record@^1.0.7":
  version "1.0.7"
  resolved "https://registry.yarnpkg.com/@types/dom-mediacapture-record/-/dom-mediacapture-record-1.0.7.tgz#08bacca4296ef521d59049f43e65cf971bbf6be1"
  integrity sha512-ddDIRTO1ajtbxaNo2o7fPJggpN54PZf1ZUJKOjto2ENMJE/9GKUvaw3ZRuQzlS/p0E+PnIcssxfoqYJ4yiXSBw==

prettier@^2.3.1:
  version "2.3.1"
  resolved "https://registry.yarnpkg.com/prettier/-/prettier-2.3.1.tgz#76903c3f8c4449bc9ac597acefa24dc5ad4cbea6"
  integrity sha512-p+vNbgpLjif/+D+DwAZAbndtRrR0md0MwfmOVN9N+2RgyACMT+7tfaRnT+WDPkqnuVwleyuBIG2XBxKDme3hPA==

typescript@^4.3.4:
  version "4.3.4"
  resolved "https://registry.yarnpkg.com/typescript/-/typescript-4.3.4.tgz#3f85b986945bcf31071decdd96cf8bfa65f9dcbc"
  integrity sha512-uauPG7XZn9F/mo+7MrsRjyvbxFpzemRjKEZXS4AK83oP2KKOJPvb+9cO/gmnv8arWZvhnjVOXz7B49m1l0e9Ew==
