# THIS IS AN AUTOGENERATED FILE. DO NOT EDIT THIS FILE DIRECTLY.
# yarn lockfile v1


"@perry/get-media-display@file:../get-display-media":
  version "0.1.0"

"@perry/map-blob-list-to-base64@file:../map-blob-list-to-base64":
  version "0.1.0"

"@perry/perry-interfaces@file:../perry-interfaces":
  version "0.1.0"

"@perry/supports-media-devices@file:../supports-media-devices":
  version "0.1.0"

"@perry/supports-media-recorder@file:../supports-media-recorder":
  version "0.1.0"
  dependencies:
    "@perry/perry-interfaces" "file:../../../../AppData/Local/Yarn/Cache/v4/npm-@perry-supports-media-recorder-0.1.0-396eccbf-786c-4f9d-9eeb-6e3423d64cfc-1552911073741/node_modules/@perry/perry-interfaces"

"@perry/write-to-store@file:../write-to-store":
  version "0.1.0"
  dependencies:
    "@perry/perry-interfaces" "file:../../../../AppData/Local/Yarn/Cache/v4/npm-@perry-write-to-store-0.1.0-3f622ef2-d3c1-4d11-873d-adf05f995d6d-1552911073733/node_modules/@perry/perry-interfaces"

typescript@^3.3.3333:
  version "3.3.3333"
  resolved "https://registry.yarnpkg.com/typescript/-/typescript-3.3.3333.tgz#171b2c5af66c59e9431199117a3bcadc66fdcfd6"
  integrity sha512-JjSKsAfuHBE/fB2oZ8NxtRTk5iGcg6hkYXMnZ3Wc+b2RSqejEqTaem11mHASMnFilHrax3sLK0GDzcJrekZYLw==
